// !$*UTF8*$!
{
	archiveVersion = 1;
	classes = {
	};
	objectVersion = 56;
	objects = {

/* Begin PBXBuildFile section */
		D93F78022CB6B83200D68528 /* CoreData.framework in Frameworks */ = {isa = PBXBuildFile; fileRef = D93F78012CB6B83100D68528 /* CoreData.framework */; };
		D93F78052CB6B89C00D68528 /* MainDataModel.xcdatamodeld in Sources */ = {isa = PBXBuildFile; fileRef = D93F78032CB6B89C00D68528 /* MainDataModel.xcdatamodeld */; };
		D93F78072CB7BEAA00D68528 /* CoreDataStruct.swift in Sources */ = {isa = PBXBuildFile; fileRef = D93F78062CB7BEA400D68528 /* CoreDataStruct.swift */; };
		D93F780A2CB7C71100D68528 /* House.swift in Sources */ = {isa = PBXBuildFile; fileRef = D93F78092CB7C70E00D68528 /* House.swift */; };
		D93F780D2CB7C74000D68528 /* HouseManager.swift in Sources */ = {isa = PBXBuildFile; fileRef = D93F780C2CB7C73D00D68528 /* HouseManager.swift */; };
		D99C5A102AD7CB6000D52928 /* ParnoCalculatorApp.swift in Sources */ = {isa = PBXBuildFile; fileRef = D99C5A0F2AD7CB6000D52928 /* ParnoCalculatorApp.swift */; };
		D99C5A122AD7CB6000D52928 /* ContentView.swift in Sources */ = {isa = PBXBuildFile; fileRef = D99C5A112AD7CB6000D52928 /* ContentView.swift */; };
		D99C5A142AD7CB6100D52928 /* Assets.xcassets in Resources */ = {isa = PBXBuildFile; fileRef = D99C5A132AD7CB6100D52928 /* Assets.xcassets */; };
		D99C5A172AD7CB6100D52928 /* Preview Assets.xcassets in Resources */ = {isa = PBXBuildFile; fileRef = D99C5A162AD7CB6100D52928 /* Preview Assets.xcassets */; };
		D99C5A242AD7CF0500D52928 /* SwiftyJSON in Frameworks */ = {isa = PBXBuildFile; productRef = D99C5A232AD7CF0500D52928 /* SwiftyJSON */; };
		D99C5A2D2AD7D25600D52928 /* SignupView.swift in Sources */ = {isa = PBXBuildFile; fileRef = D99C5A2C2AD7D25600D52928 /* SignupView.swift */; };
		D99C5A2F2AD7D4C100D52928 /* MainCalculationView.swift in Sources */ = {isa = PBXBuildFile; fileRef = D99C5A2E2AD7D4C100D52928 /* MainCalculationView.swift */; };
		D99C5A312AD7D72F00D52928 /* InitialScreen.swift in Sources */ = {isa = PBXBuildFile; fileRef = D99C5A302AD7D72F00D52928 /* InitialScreen.swift */; };
		D99C5A342AD7D76000D52928 /* SignInView.swift in Sources */ = {isa = PBXBuildFile; fileRef = D99C5A332AD7D76000D52928 /* SignInView.swift */; };
		D99C5A372AD7E3C800D52928 /* UserViewModel.swift in Sources */ = {isa = PBXBuildFile; fileRef = D99C5A362AD7E3C800D52928 /* UserViewModel.swift */; };
		D99C5A3C2AD82FD200D52928 /* SideMenueView.swift in Sources */ = {isa = PBXBuildFile; fileRef = D99C5A3B2AD82FD200D52928 /* SideMenueView.swift */; };
		D99C5A3F2AD832AB00D52928 /* SideMenu.swift in Sources */ = {isa = PBXBuildFile; fileRef = D99C5A3E2AD832AB00D52928 /* SideMenu.swift */; };
		D99C5A422AD8333500D52928 /* Profile.swift in Sources */ = {isa = PBXBuildFile; fileRef = D99C5A412AD8333500D52928 /* Profile.swift */; };
		D99C5A442AD8334100D52928 /* Houses.swift in Sources */ = {isa = PBXBuildFile; fileRef = D99C5A432AD8334100D52928 /* Houses.swift */; };
		D99C5A462AD8344900D52928 /* Home.swift in Sources */ = {isa = PBXBuildFile; fileRef = D99C5A452AD8344900D52928 /* Home.swift */; };
/* End PBXBuildFile section */

/* Begin PBXFileReference section */
		D93F78012CB6B83100D68528 /* CoreData.framework */ = {isa = PBXFileReference; lastKnownFileType = wrapper.framework; name = CoreData.framework; path = System/Library/Frameworks/CoreData.framework; sourceTree = SDKROOT; };
		D93F78042CB6B89C00D68528 /* MainDataModel.xcdatamodel */ = {isa = PBXFileReference; lastKnownFileType = wrapper.xcdatamodel; path = MainDataModel.xcdatamodel; sourceTree = "<group>"; };
		D93F78062CB7BEA400D68528 /* CoreDataStruct.swift */ = {isa = PBXFileReference; lastKnownFileType = sourcecode.swift; path = CoreDataStruct.swift; sourceTree = "<group>"; };
		D93F78092CB7C70E00D68528 /* House.swift */ = {isa = PBXFileReference; lastKnownFileType = sourcecode.swift; path = House.swift; sourceTree = "<group>"; };
		D93F780C2CB7C73D00D68528 /* HouseManager.swift */ = {isa = PBXFileReference; lastKnownFileType = sourcecode.swift; path = HouseManager.swift; sourceTree = "<group>"; };
		D99C5A0C2AD7CB6000D52928 /* ParnoCalculator.app */ = {isa = PBXFileReference; explicitFileType = wrapper.application; includeInIndex = 0; path = ParnoCalculator.app; sourceTree = BUILT_PRODUCTS_DIR; };
		D99C5A0F2AD7CB6000D52928 /* ParnoCalculatorApp.swift */ = {isa = PBXFileReference; lastKnownFileType = sourcecode.swift; path = ParnoCalculatorApp.swift; sourceTree = "<group>"; };
		D99C5A112AD7CB6000D52928 /* ContentView.swift */ = {isa = PBXFileReference; lastKnownFileType = sourcecode.swift; path = ContentView.swift; sourceTree = "<group>"; };
		D99C5A132AD7CB6100D52928 /* Assets.xcassets */ = {isa = PBXFileReference; lastKnownFileType = folder.assetcatalog; path = Assets.xcassets; sourceTree = "<group>"; };
		D99C5A162AD7CB6100D52928 /* Preview Assets.xcassets */ = {isa = PBXFileReference; lastKnownFileType = folder.assetcatalog; path = "Preview Assets.xcassets"; sourceTree = "<group>"; };
		D99C5A2C2AD7D25600D52928 /* SignupView.swift */ = {isa = PBXFileReference; lastKnownFileType = sourcecode.swift; path = SignupView.swift; sourceTree = "<group>"; };
		D99C5A2E2AD7D4C100D52928 /* MainCalculationView.swift */ = {isa = PBXFileReference; lastKnownFileType = sourcecode.swift; path = MainCalculationView.swift; sourceTree = "<group>"; };
		D99C5A302AD7D72F00D52928 /* InitialScreen.swift */ = {isa = PBXFileReference; lastKnownFileType = sourcecode.swift; path = InitialScreen.swift; sourceTree = "<group>"; };
		D99C5A332AD7D76000D52928 /* SignInView.swift */ = {isa = PBXFileReference; lastKnownFileType = sourcecode.swift; path = SignInView.swift; sourceTree = "<group>"; };
		D99C5A362AD7E3C800D52928 /* UserViewModel.swift */ = {isa = PBXFileReference; lastKnownFileType = sourcecode.swift; path = UserViewModel.swift; sourceTree = "<group>"; };
		D99C5A3B2AD82FD200D52928 /* SideMenueView.swift */ = {isa = PBXFileReference; lastKnownFileType = sourcecode.swift; path = SideMenueView.swift; sourceTree = "<group>"; };
		D99C5A3E2AD832AB00D52928 /* SideMenu.swift */ = {isa = PBXFileReference; lastKnownFileType = sourcecode.swift; path = SideMenu.swift; sourceTree = "<group>"; };
		D99C5A412AD8333500D52928 /* Profile.swift */ = {isa = PBXFileReference; lastKnownFileType = sourcecode.swift; path = Profile.swift; sourceTree = "<group>"; };
		D99C5A432AD8334100D52928 /* Houses.swift */ = {isa = PBXFileReference; lastKnownFileType = sourcecode.swift; path = Houses.swift; sourceTree = "<group>"; };
		D99C5A452AD8344900D52928 /* Home.swift */ = {isa = PBXFileReference; lastKnownFileType = sourcecode.swift; path = Home.swift; sourceTree = "<group>"; };
/* End PBXFileReference section */

/* Begin PBXFrameworksBuildPhase section */
		D99C5A092AD7CB6000D52928 /* Frameworks */ = {
			isa = PBXFrameworksBuildPhase;
			buildActionMask = 2147483647;
			files = (
				D99C5A242AD7CF0500D52928 /* SwiftyJSON in Frameworks */,
				D93F78022CB6B83200D68528 /* CoreData.framework in Frameworks */,
			);
			runOnlyForDeploymentPostprocessing = 0;
		};
/* End PBXFrameworksBuildPhase section */

/* Begin PBXGroup section */
		D93F78002CB6B83100D68528 /* Frameworks */ = {
			isa = PBXGroup;
			children = (
				D93F78012CB6B83100D68528 /* CoreData.framework */,
			);
			name = Frameworks;
			sourceTree = "<group>";
		};
		D93F78082CB7C70700D68528 /* Objects */ = {
			isa = PBXGroup;
			children = (
				D93F78092CB7C70E00D68528 /* House.swift */,
			);
			path = Objects;
			sourceTree = "<group>";
		};
		D93F780B2CB7C73400D68528 /* Managers */ = {
			isa = PBXGroup;
			children = (
				D93F780C2CB7C73D00D68528 /* HouseManager.swift */,
			);
			path = Managers;
			sourceTree = "<group>";
		};
		D99C5A032AD7CB6000D52928 = {
			isa = PBXGroup;
			children = (
				D99C5A0E2AD7CB6000D52928 /* ParnoCalculator */,
				D93F78002CB6B83100D68528 /* Frameworks */,
				D99C5A0D2AD7CB6000D52928 /* Products */,
			);
			sourceTree = "<group>";
		};
		D99C5A0D2AD7CB6000D52928 /* Products */ = {
			isa = PBXGroup;
			children = (
				D99C5A0C2AD7CB6000D52928 /* ParnoCalculator.app */,
			);
			name = Products;
			sourceTree = "<group>";
		};
		D99C5A0E2AD7CB6000D52928 /* ParnoCalculator */ = {
			isa = PBXGroup;
			children = (
				D93F780B2CB7C73400D68528 /* Managers */,
				D93F78082CB7C70700D68528 /* Objects */,
				D99C5A0F2AD7CB6000D52928 /* ParnoCalculatorApp.swift */,
				D99C5A112AD7CB6000D52928 /* ContentView.swift */,
				D93F78062CB7BEA400D68528 /* CoreDataStruct.swift */,
				D99C5A352AD7E3A100D52928 /* ViewModels */,
				D99C5A322AD7D74100D52928 /* SignInSignUpScreens */,
				D99C5A2E2AD7D4C100D52928 /* MainCalculationView.swift */,
				D99C5A402AD832E300D52928 /* MainViews */,
				D99C5A3D2AD8329800D52928 /* Menu */,
				D99C5A132AD7CB6100D52928 /* Assets.xcassets */,
				D99C5A152AD7CB6100D52928 /* Preview Content */,
				D93F78032CB6B89C00D68528 /* MainDataModel.xcdatamodeld */,
			);
			path = ParnoCalculator;
			sourceTree = "<group>";
		};
		D99C5A152AD7CB6100D52928 /* Preview Content */ = {
			isa = PBXGroup;
			children = (
				D99C5A162AD7CB6100D52928 /* Preview Assets.xcassets */,
			);
			path = "Preview Content";
			sourceTree = "<group>";
		};
		D99C5A322AD7D74100D52928 /* SignInSignUpScreens */ = {
			isa = PBXGroup;
			children = (
				D99C5A302AD7D72F00D52928 /* InitialScreen.swift */,
				D99C5A2C2AD7D25600D52928 /* SignupView.swift */,
				D99C5A332AD7D76000D52928 /* SignInView.swift */,
			);
			path = SignInSignUpScreens;
			sourceTree = "<group>";
		};
		D99C5A352AD7E3A100D52928 /* ViewModels */ = {
			isa = PBXGroup;
			children = (
				D99C5A362AD7E3C800D52928 /* UserViewModel.swift */,
			);
			path = ViewModels;
			sourceTree = "<group>";
		};
		D99C5A3D2AD8329800D52928 /* Menu */ = {
			isa = PBXGroup;
			children = (
				D99C5A3B2AD82FD200D52928 /* SideMenueView.swift */,
				D99C5A3E2AD832AB00D52928 /* SideMenu.swift */,
			);
			path = Menu;
			sourceTree = "<group>";
		};
		D99C5A402AD832E300D52928 /* MainViews */ = {
			isa = PBXGroup;
			children = (
				D99C5A452AD8344900D52928 /* Home.swift */,
				D99C5A432AD8334100D52928 /* Houses.swift */,
				D99C5A412AD8333500D52928 /* Profile.swift */,
			);
			path = MainViews;
			sourceTree = "<group>";
		};
/* End PBXGroup section */

/* Begin PBXNativeTarget section */
		D99C5A0B2AD7CB6000D52928 /* ParnoCalculator */ = {
			isa = PBXNativeTarget;
			buildConfigurationList = D99C5A1A2AD7CB6100D52928 /* Build configuration list for PBXNativeTarget "ParnoCalculator" */;
			buildPhases = (
				D99C5A082AD7CB6000D52928 /* Sources */,
				D99C5A092AD7CB6000D52928 /* Frameworks */,
				D99C5A0A2AD7CB6000D52928 /* Resources */,
			);
			buildRules = (
			);
			dependencies = (
			);
			name = ParnoCalculator;
			packageProductDependencies = (
				D99C5A232AD7CF0500D52928 /* SwiftyJSON */,
			);
			productName = ParnoCalculator;
			productReference = D99C5A0C2AD7CB6000D52928 /* ParnoCalculator.app */;
			productType = "com.apple.product-type.application";
		};
/* End PBXNativeTarget section */

/* Begin PBXProject section */
		D99C5A042AD7CB6000D52928 /* Project object */ = {
			isa = PBXProject;
			attributes = {
				BuildIndependentTargetsInParallel = 1;
				LastSwiftUpdateCheck = 1430;
				LastUpgradeCheck = 1430;
				TargetAttributes = {
					D99C5A0B2AD7CB6000D52928 = {
						CreatedOnToolsVersion = 14.3.1;
					};
				};
			};
			buildConfigurationList = D99C5A072AD7CB6000D52928 /* Build configuration list for PBXProject "ParnoCalculator" */;
			compatibilityVersion = "Xcode 14.0";
			developmentRegion = en;
			hasScannedForEncodings = 0;
			knownRegions = (
				en,
				Base,
			);
			mainGroup = D99C5A032AD7CB6000D52928;
			packageReferences = (
				D99C5A222AD7CF0500D52928 /* XCRemoteSwiftPackageReference "SwiftyJSON" */,
			);
			productRefGroup = D99C5A0D2AD7CB6000D52928 /* Products */;
			projectDirPath = "";
			projectRoot = "";
			targets = (
				D99C5A0B2AD7CB6000D52928 /* ParnoCalculator */,
			);
		};
/* End PBXProject section */

/* Begin PBXResourcesBuildPhase section */
		D99C5A0A2AD7CB6000D52928 /* Resources */ = {
			isa = PBXResourcesBuildPhase;
			buildActionMask = 2147483647;
			files = (
				D99C5A172AD7CB6100D52928 /* Preview Assets.xcassets in Resources */,
				D99C5A142AD7CB6100D52928 /* Assets.xcassets in Resources */,
			);
			runOnlyForDeploymentPostprocessing = 0;
		};
/* End PBXResourcesBuildPhase section */

/* Begin PBXSourcesBuildPhase section */
		D99C5A082AD7CB6000D52928 /* Sources */ = {
			isa = PBXSourcesBuildPhase;
			buildActionMask = 2147483647;
			files = (
				D99C5A442AD8334100D52928 /* Houses.swift in Sources */,
				D99C5A122AD7CB6000D52928 /* ContentView.swift in Sources */,
				D93F78052CB6B89C00D68528 /* MainDataModel.xcdatamodeld in Sources */,
				D99C5A102AD7CB6000D52928 /* ParnoCalculatorApp.swift in Sources */,
				D99C5A422AD8333500D52928 /* Profile.swift in Sources */,
				D93F78072CB7BEAA00D68528 /* CoreDataStruct.swift in Sources */,
				D99C5A3F2AD832AB00D52928 /* SideMenu.swift in Sources */,
				D99C5A2F2AD7D4C100D52928 /* MainCalculationView.swift in Sources */,
				D99C5A462AD8344900D52928 /* Home.swift in Sources */,
				D99C5A312AD7D72F00D52928 /* InitialScreen.swift in Sources */,
				D99C5A342AD7D76000D52928 /* SignInView.swift in Sources */,
				D99C5A3C2AD82FD200D52928 /* SideMenueView.swift in Sources */,
				D93F780D2CB7C74000D68528 /* HouseManager.swift in Sources */,
				D99C5A372AD7E3C800D52928 /* UserViewModel.swift in Sources */,
				D93F780A2CB7C71100D68528 /* House.swift in Sources */,
				D99C5A2D2AD7D25600D52928 /* SignupView.swift in Sources */,
			);
			runOnlyForDeploymentPostprocessing = 0;
		};
/* End PBXSourcesBuildPhase section */

/* Begin XCBuildConfiguration section */
		D99C5A182AD7CB6100D52928 /* Debug */ = {
			isa = XCBuildConfiguration;
			buildSettings = {
				ALWAYS_SEARCH_USER_PATHS = NO;
				CLANG_ANALYZER_NONNULL = YES;
				CLANG_ANALYZER_NUMBER_OBJECT_CONVERSION = YES_AGGRESSIVE;
				CLANG_CXX_LANGUAGE_STANDARD = "gnu++20";
				CLANG_ENABLE_MODULES = YES;
				CLANG_ENABLE_OBJC_ARC = YES;
				CLANG_ENABLE_OBJC_WEAK = YES;
				CLANG_WARN_BLOCK_CAPTURE_AUTORELEASING = YES;
				CLANG_WARN_BOOL_CONVERSION = YES;
				CLANG_WARN_COMMA = YES;
				CLANG_WARN_CONSTANT_CONVERSION = YES;
				CLANG_WARN_DEPRECATED_OBJC_IMPLEMENTATIONS = YES;
				CLANG_WARN_DIRECT_OBJC_ISA_USAGE = YES_ERROR;
				CLANG_WARN_DOCUMENTATION_COMMENTS = YES;
				CLANG_WARN_EMPTY_BODY = YES;
				CLANG_WARN_ENUM_CONVERSION = YES;
				CLANG_WARN_INFINITE_RECURSION = YES;
				CLANG_WARN_INT_CONVERSION = YES;
				CLANG_WARN_NON_LITERAL_NULL_CONVERSION = YES;
				CLANG_WARN_OBJC_IMPLICIT_RETAIN_SELF = YES;
				CLANG_WARN_OBJC_LITERAL_CONVERSION = YES;
				CLANG_WARN_OBJC_ROOT_CLASS = YES_ERROR;
				CLANG_WARN_QUOTED_INCLUDE_IN_FRAMEWORK_HEADER = YES;
				CLANG_WARN_RANGE_LOOP_ANALYSIS = YES;
				CLANG_WARN_STRICT_PROTOTYPES = YES;
				CLANG_WARN_SUSPICIOUS_MOVE = YES;
				CLANG_WARN_UNGUARDED_AVAILABILITY = YES_AGGRESSIVE;
				CLANG_WARN_UNREACHABLE_CODE = YES;
				CLANG_WARN__DUPLICATE_METHOD_MATCH = YES;
				COPY_PHASE_STRIP = NO;
				DEBUG_INFORMATION_FORMAT = dwarf;
				ENABLE_STRICT_OBJC_MSGSEND = YES;
				ENABLE_TESTABILITY = YES;
				GCC_C_LANGUAGE_STANDARD = gnu11;
				GCC_DYNAMIC_NO_PIC = NO;
				GCC_NO_COMMON_BLOCKS = YES;
				GCC_OPTIMIZATION_LEVEL = 0;
				GCC_PREPROCESSOR_DEFINITIONS = (
					"DEBUG=1",
					"$(inherited)",
				);
				GCC_WARN_64_TO_32_BIT_CONVERSION = YES;
				GCC_WARN_ABOUT_RETURN_TYPE = YES_ERROR;
				GCC_WARN_UNDECLARED_SELECTOR = YES;
				GCC_WARN_UNINITIALIZED_AUTOS = YES_AGGRESSIVE;
				GCC_WARN_UNUSED_FUNCTION = YES;
				GCC_WARN_UNUSED_VARIABLE = YES;
				IPHONEOS_DEPLOYMENT_TARGET = 16.4;
				MTL_ENABLE_DEBUG_INFO = INCLUDE_SOURCE;
				MTL_FAST_MATH = YES;
				ONLY_ACTIVE_ARCH = YES;
				SDKROOT = iphoneos;
				SWIFT_ACTIVE_COMPILATION_CONDITIONS = DEBUG;
				SWIFT_OPTIMIZATION_LEVEL = "-Onone";
			};
			name = Debug;
		};
		D99C5A192AD7CB6100D52928 /* Release */ = {
			isa = XCBuildConfiguration;
			buildSettings = {
				ALWAYS_SEARCH_USER_PATHS = NO;
				CLANG_ANALYZER_NONNULL = YES;
				CLANG_ANALYZER_NUMBER_OBJECT_CONVERSION = YES_AGGRESSIVE;
				CLANG_CXX_LANGUAGE_STANDARD = "gnu++20";
				CLANG_ENABLE_MODULES = YES;
				CLANG_ENABLE_OBJC_ARC = YES;
				CLANG_ENABLE_OBJC_WEAK = YES;
				CLANG_WARN_BLOCK_CAPTURE_AUTORELEASING = YES;
				CLANG_WARN_BOOL_CONVERSION = YES;
				CLANG_WARN_COMMA = YES;
				CLANG_WARN_CONSTANT_CONVERSION = YES;
				CLANG_WARN_DEPRECATED_OBJC_IMPLEMENTATIONS = YES;
				CLANG_WARN_DIRECT_OBJC_ISA_USAGE = YES_ERROR;
				CLANG_WARN_DOCUMENTATION_COMMENTS = YES;
				CLANG_WARN_EMPTY_BODY = YES;
				CLANG_WARN_ENUM_CONVERSION = YES;
				CLANG_WARN_INFINITE_RECURSION = YES;
				CLANG_WARN_INT_CONVERSION = YES;
				CLANG_WARN_NON_LITERAL_NULL_CONVERSION = YES;
				CLANG_WARN_OBJC_IMPLICIT_RETAIN_SELF = YES;
				CLANG_WARN_OBJC_LITERAL_CONVERSION = YES;
				CLANG_WARN_OBJC_ROOT_CLASS = YES_ERROR;
				CLANG_WARN_QUOTED_INCLUDE_IN_FRAMEWORK_HEADER = YES;
				CLANG_WARN_RANGE_LOOP_ANALYSIS = YES;
				CLANG_WARN_STRICT_PROTOTYPES = YES;
				CLANG_WARN_SUSPICIOUS_MOVE = YES;
				CLANG_WARN_UNGUARDED_AVAILABILITY = YES_AGGRESSIVE;
				CLANG_WARN_UNREACHABLE_CODE = YES;
				CLANG_WARN__DUPLICATE_METHOD_MATCH = YES;
				COPY_PHASE_STRIP = NO;
				DEBUG_INFORMATION_FORMAT = "dwarf-with-dsym";
				ENABLE_NS_ASSERTIONS = NO;
				ENABLE_STRICT_OBJC_MSGSEND = YES;
				GCC_C_LANGUAGE_STANDARD = gnu11;
				GCC_NO_COMMON_BLOCKS = YES;
				GCC_WARN_64_TO_32_BIT_CONVERSION = YES;
				GCC_WARN_ABOUT_RETURN_TYPE = YES_ERROR;
				GCC_WARN_UNDECLARED_SELECTOR = YES;
				GCC_WARN_UNINITIALIZED_AUTOS = YES_AGGRESSIVE;
				GCC_WARN_UNUSED_FUNCTION = YES;
				GCC_WARN_UNUSED_VARIABLE = YES;
				IPHONEOS_DEPLOYMENT_TARGET = 16.4;
				MTL_ENABLE_DEBUG_INFO = NO;
				MTL_FAST_MATH = YES;
				SDKROOT = iphoneos;
				SWIFT_COMPILATION_MODE = wholemodule;
				SWIFT_OPTIMIZATION_LEVEL = "-O";
				VALIDATE_PRODUCT = YES;
			};
			name = Release;
		};
		D99C5A1B2AD7CB6100D52928 /* Debug */ = {
			isa = XCBuildConfiguration;
			buildSettings = {
				ASSETCATALOG_COMPILER_APPICON_NAME = AppIcon;
				ASSETCATALOG_COMPILER_GLOBAL_ACCENT_COLOR_NAME = AccentColor;
				CODE_SIGN_STYLE = Automatic;
				CURRENT_PROJECT_VERSION = 1;
				DEVELOPMENT_ASSET_PATHS = "\"ParnoCalculator/Preview Content\"";
				DEVELOPMENT_TEAM = GF7K354RN3;
				ENABLE_PREVIEWS = YES;
				GENERATE_INFOPLIST_FILE = YES;
				INFOPLIST_KEY_CFBundleDisplayName = "Heat Calculator";
				INFOPLIST_KEY_UIApplicationSceneManifest_Generation = YES;
				INFOPLIST_KEY_UIApplicationSupportsIndirectInputEvents = YES;
				INFOPLIST_KEY_UILaunchScreen_Generation = YES;
				INFOPLIST_KEY_UISupportedInterfaceOrientations_iPad = "UIInterfaceOrientationPortrait UIInterfaceOrientationPortraitUpsideDown UIInterfaceOrientationLandscapeLeft UIInterfaceOrientationLandscapeRight";
				INFOPLIST_KEY_UISupportedInterfaceOrientations_iPhone = "UIInterfaceOrientationPortrait UIInterfaceOrientationLandscapeLeft UIInterfaceOrientationLandscapeRight";
				IPHONEOS_DEPLOYMENT_TARGET = 15.0;
				LD_RUNPATH_SEARCH_PATHS = (
					"$(inherited)",
					"@executable_path/Frameworks",
				);
				MARKETING_VERSION = 1.0;
				PRODUCT_BUNDLE_IDENTIFIER = com.ivanj.ParnoCalculator;
				PRODUCT_NAME = "$(TARGET_NAME)";
				SWIFT_EMIT_LOC_STRINGS = YES;
				SWIFT_VERSION = 5.0;
				TARGETED_DEVICE_FAMILY = "1,2";
			};
			name = Debug;
		};
		D99C5A1C2AD7CB6100D52928 /* Release */ = {
			isa = XCBuildConfiguration;
			buildSettings = {
				ASSETCATALOG_COMPILER_APPICON_NAME = AppIcon;
				ASSETCATALOG_COMPILER_GLOBAL_ACCENT_COLOR_NAME = AccentColor;
				CODE_SIGN_STYLE = Automatic;
				CURRENT_PROJECT_VERSION = 1;
				DEVELOPMENT_ASSET_PATHS = "\"ParnoCalculator/Preview Content\"";
				DEVELOPMENT_TEAM = GF7K354RN3;
				ENABLE_PREVIEWS = YES;
				GENERATE_INFOPLIST_FILE = YES;
				INFOPLIST_KEY_CFBundleDisplayName = "Heat Calculator";
				INFOPLIST_KEY_UIApplicationSceneManifest_Generation = YES;
				INFOPLIST_KEY_UIApplicationSupportsIndirectInputEvents = YES;
				INFOPLIST_KEY_UILaunchScreen_Generation = YES;
				INFOPLIST_KEY_UISupportedInterfaceOrientations_iPad = "UIInterfaceOrientationPortrait UIInterfaceOrientationPortraitUpsideDown UIInterfaceOrientationLandscapeLeft UIInterfaceOrientationLandscapeRight";
				INFOPLIST_KEY_UISupportedInterfaceOrientations_iPhone = "UIInterfaceOrientationPortrait UIInterfaceOrientationLandscapeLeft UIInterfaceOrientationLandscapeRight";
				IPHONEOS_DEPLOYMENT_TARGET = 15.0;
				LD_RUNPATH_SEARCH_PATHS = (
					"$(inherited)",
					"@executable_path/Frameworks",
				);
				MARKETING_VERSION = 1.0;
				PRODUCT_BUNDLE_IDENTIFIER = com.ivanj.ParnoCalculator;
				PRODUCT_NAME = "$(TARGET_NAME)";
				SWIFT_EMIT_LOC_STRINGS = YES;
				SWIFT_VERSION = 5.0;
				TARGETED_DEVICE_FAMILY = "1,2";
			};
			name = Release;
		};
/* End XCBuildConfiguration section */

/* Begin XCConfigurationList section */
		D99C5A072AD7CB6000D52928 /* Build configuration list for PBXProject "ParnoCalculator" */ = {
			isa = XCConfigurationList;
			buildConfigurations = (
				D99C5A182AD7CB6100D52928 /* Debug */,
				D99C5A192AD7CB6100D52928 /* Release */,
			);
			defaultConfigurationIsVisible = 0;
			defaultConfigurationName = Release;
		};
		D99C5A1A2AD7CB6100D52928 /* Build configuration list for PBXNativeTarget "ParnoCalculator" */ = {
			isa = XCConfigurationList;
			buildConfigurations = (
				D99C5A1B2AD7CB6100D52928 /* Debug */,
				D99C5A1C2AD7CB6100D52928 /* Release */,
			);
			defaultConfigurationIsVisible = 0;
			defaultConfigurationName = Release;
		};
/* End XCConfigurationList section */

/* Begin XCRemoteSwiftPackageReference section */
		D99C5A222AD7CF0500D52928 /* XCRemoteSwiftPackageReference "SwiftyJSON" */ = {
			isa = XCRemoteSwiftPackageReference;
			repositoryURL = "https://github.com/SwiftyJSON/SwiftyJSON";
			requirement = {
				kind = upToNextMajorVersion;
				minimumVersion = 5.0.0;
			};
		};
/* End XCRemoteSwiftPackageReference section */

/* Begin XCSwiftPackageProductDependency section */
		D99C5A232AD7CF0500D52928 /* SwiftyJSON */ = {
			isa = XCSwiftPackageProductDependency;
			package = D99C5A222AD7CF0500D52928 /* XCRemoteSwiftPackageReference "SwiftyJSON" */;
			productName = SwiftyJSON;
		};
/* End XCSwiftPackageProductDependency section */

/* Begin XCVersionGroup section */
		D93F78032CB6B89C00D68528 /* MainDataModel.xcdatamodeld */ = {
			isa = XCVersionGroup;
			children = (
				D93F78042CB6B89C00D68528 /* MainDataModel.xcdatamodel */,
			);
			currentVersion = D93F78042CB6B89C00D68528 /* MainDataModel.xcdatamodel */;
			path = MainDataModel.xcdatamodeld;
			sourceTree = "<group>";
			versionGroupType = wrapper.xcdatamodel;
		};
/* End XCVersionGroup section */
	};
	rootObject = D99C5A042AD7CB6000D52928 /* Project object */;
}
